
Microsoft Visual Studio Solution File, Format Version 12.00
# Visual Studio 14
VisualStudioVersion = 14.0.23107.0
MinimumVisualStudioVersion = 10.0.40219.1
Project("{FAE04EC0-301F-11D3-BF4B-00C04F79EFBC}") = "AutomatedTellerMachine", "AutomatedTellerMachine\AutomatedTellerMachine.csproj", "{2BA0896D-DECD-455F-B388-BF08E9C5B3DD}"
EndProject
Project("{FAE04EC0-301F-11D3-BF4B-00C04F79EFBC}") = "AutomatedTellerMachine.Tests", "AutomatedTellerMachine.Tests\AutomatedTellerMachine.Tests.csproj", "{53B284B0-3D70-45A4-BB44-F3EE1FF2F6C1}"
EndProject
Global
	GlobalSection(SolutionConfigurationPlatforms) = preSolution
		Debug|Any CPU = Debug|Any CPU
		Release|Any CPU = Release|Any CPU
	EndGlobalSection
	GlobalSection(ProjectConfigurationPlatforms) = postSolution
		{2BA0896D-DECD-455F-B388-BF08E9C5B3DD}.Debug|Any CPU.ActiveCfg = Debug|Any CPU
		{2BA0896D-DECD-455F-B388-BF08E9C5B3DD}.Debug|Any CPU.Build.0 = Debug|Any CPU
		{2BA0896D-DECD-455F-B388-BF08E9C5B3DD}.Release|Any CPU.ActiveCfg = Release|Any CPU
		{2BA0896D-DECD-455F-B388-BF08E9C5B3DD}.Release|Any CPU.Build.0 = Release|Any CPU
		{53B284B0-3D70-45A4-BB44-F3EE1FF2F6C1}.Debug|Any CPU.ActiveCfg = Debug|Any CPU
		{53B284B0-3D70-45A4-BB44-F3EE1FF2F6C1}.Debug|Any CPU.Build.0 = Debug|Any CPU
		{53B284B0-3D70-45A4-BB44-F3EE1FF2F6C1}.Release|Any CPU.ActiveCfg = Release|Any CPU
		{53B284B0-3D70-45A4-BB44-F3EE1FF2F6C1}.Release|Any CPU.Build.0 = Release|Any CPU
	EndGlobalSection
	GlobalSection(SolutionProperties) = preSolution
		HideSolutionNode = FALSE
	EndGlobalSection
EndGlobal
